
Microsoft Visual Studio Solution File, Format Version 12.00
# Visual Studio Version 17
VisualStudioVersion = 17.4.33205.214
MinimumVisualStudioVersion = 10.0.40219.1
Project("{FAE04EC0-301F-11D3-BF4B-00C04F79EFBC}") = "MeusLegumes.Application", "src\MeusLegumes.Application\MeusLegumes.Application.csproj", "{270CB1B8-61F0-4078-840C-C752A1FE9089}"
EndProject
Project("{FAE04EC0-301F-11D3-BF4B-00C04F79EFBC}") = "MeusLegumes.Domain", "src\MeusLegumes.Domain\MeusLegumes.Domain.csproj", "{279FB7B8-A234-4839-9CC7-3378F9FAF28D}"
EndProject
Project("{FAE04EC0-301F-11D3-BF4B-00C04F79EFBC}") = "MeusLegumes.Infrastructure", "src\MeusLegumes.Infrastructure\MeusLegumes.Infrastructure.csproj", "{FB69124C-D74E-4B8F-AD52-AF9CDA49999D}"
EndProject
Project("{FAE04EC0-301F-11D3-BF4B-00C04F79EFBC}") = "MeusLegumes.API", "src\MeusLegumes.API\MeusLegumes.API.csproj", "{01FC8314-ABEB-4387-89EA-C74B0222EBE4}"
EndProject
Global
	GlobalSection(SolutionConfigurationPlatforms) = preSolution
		Debug|Any CPU = Debug|Any CPU
		Release|Any CPU = Release|Any CPU
	EndGlobalSection
	GlobalSection(ProjectConfigurationPlatforms) = postSolution
		{270CB1B8-61F0-4078-840C-C752A1FE9089}.Debug|Any CPU.ActiveCfg = Debug|Any CPU
		{270CB1B8-61F0-4078-840C-C752A1FE9089}.Debug|Any CPU.Build.0 = Debug|Any CPU
		{270CB1B8-61F0-4078-840C-C752A1FE9089}.Release|Any CPU.ActiveCfg = Release|Any CPU
		{270CB1B8-61F0-4078-840C-C752A1FE9089}.Release|Any CPU.Build.0 = Release|Any CPU
		{279FB7B8-A234-4839-9CC7-3378F9FAF28D}.Debug|Any CPU.ActiveCfg = Debug|Any CPU
		{279FB7B8-A234-4839-9CC7-3378F9FAF28D}.Debug|Any CPU.Build.0 = Debug|Any CPU
		{279FB7B8-A234-4839-9CC7-3378F9FAF28D}.Release|Any CPU.ActiveCfg = Release|Any CPU
		{279FB7B8-A234-4839-9CC7-3378F9FAF28D}.Release|Any CPU.Build.0 = Release|Any CPU
		{FB69124C-D74E-4B8F-AD52-AF9CDA49999D}.Debug|Any CPU.ActiveCfg = Debug|Any CPU
		{FB69124C-D74E-4B8F-AD52-AF9CDA49999D}.Debug|Any CPU.Build.0 = Debug|Any CPU
		{FB69124C-D74E-4B8F-AD52-AF9CDA49999D}.Release|Any CPU.ActiveCfg = Release|Any CPU
		{FB69124C-D74E-4B8F-AD52-AF9CDA49999D}.Release|Any CPU.Build.0 = Release|Any CPU
		{01FC8314-ABEB-4387-89EA-C74B0222EBE4}.Debug|Any CPU.ActiveCfg = Debug|Any CPU
		{01FC8314-ABEB-4387-89EA-C74B0222EBE4}.Debug|Any CPU.Build.0 = Debug|Any CPU
		{01FC8314-ABEB-4387-89EA-C74B0222EBE4}.Release|Any CPU.ActiveCfg = Release|Any CPU
		{01FC8314-ABEB-4387-89EA-C74B0222EBE4}.Release|Any CPU.Build.0 = Release|Any CPU
	EndGlobalSection
	GlobalSection(SolutionProperties) = preSolution
		HideSolutionNode = FALSE
	EndGlobalSection
	GlobalSection(ExtensibilityGlobals) = postSolution
		SolutionGuid = {2624D6C1-022E-4178-96C5-2C6D03AEF10B}
	EndGlobalSection
EndGlobal
