
Microsoft Visual Studio Solution File, Format Version 12.00
# Visual Studio Version 17
VisualStudioVersion = 17.4.33205.214
MinimumVisualStudioVersion = 10.0.40219.1
Project("{9A19103F-16F7-4668-BE54-9A1E7A4F7556}") = "MeusLegumes.Application", "src\MeusLegumes.Application\MeusLegumes.Application.csproj", "{270CB1B8-61F0-4078-840C-C752A1FE9089}"
EndProject
Project("{9A19103F-16F7-4668-BE54-9A1E7A4F7556}") = "MeusLegumes.Domain", "src\MeusLegumes.Domain\MeusLegumes.Domain.csproj", "{279FB7B8-A234-4839-9CC7-3378F9FAF28D}"
EndProject
Project("{9A19103F-16F7-4668-BE54-9A1E7A4F7556}") = "MeusLegumes.Infrastructure", "src\MeusLegumes.Infrastructure\MeusLegumes.Infrastructure.csproj", "{FB69124C-D74E-4B8F-AD52-AF9CDA49999D}"
EndProject
Project("{9A19103F-16F7-4668-BE54-9A1E7A4F7556}") = "MeusLegumes.API", "src\MeusLegumes.API\MeusLegumes.API.csproj", "{01FC8314-ABEB-4387-89EA-C74B0222EBE4}"
EndProject
Project("{9A19103F-16F7-4668-BE54-9A1E7A4F7556}") = "MeusLegumes.Application.Tests", "test\MeusLegumes.Application.Tests\MeusLegumes.Application.Tests.csproj", "{0E2130C4-FB9D-4AFE-BDAC-8743DCD84748}"
EndProject
Project("{2150E333-8FDC-42A3-9474-1A3956D46DE8}") = "Tests", "Tests", "{8EFC1C75-325D-45E4-A78E-7313D04C4D6A}"
EndProject
Project("{9A19103F-16F7-4668-BE54-9A1E7A4F7556}") = "MeusLegumes.Domain.Tests", "test\MeusLegumes.Domain.Tests\MeusLegumes.Domain.Tests.csproj", "{C17AC229-9AF7-402C-AA94-1784EE0E453F}"
EndProject
Project("{FAE04EC0-301F-11D3-BF4B-00C04F79EFBC}") = "MeusLegumes.API.Tests", "test\MeusLegumes.API.Tests\MeusLegumes.API.Tests.csproj", "{6660A1E0-CD6D-4979-8D14-E9646D04A531}"
EndProject
Global
	GlobalSection(SolutionConfigurationPlatforms) = preSolution
		Debug|Any CPU = Debug|Any CPU
		Release|Any CPU = Release|Any CPU
	EndGlobalSection
	GlobalSection(ProjectConfigurationPlatforms) = postSolution
		{270CB1B8-61F0-4078-840C-C752A1FE9089}.Debug|Any CPU.ActiveCfg = Debug|Any CPU
		{270CB1B8-61F0-4078-840C-C752A1FE9089}.Debug|Any CPU.Build.0 = Debug|Any CPU
		{270CB1B8-61F0-4078-840C-C752A1FE9089}.Release|Any CPU.ActiveCfg = Release|Any CPU
		{270CB1B8-61F0-4078-840C-C752A1FE9089}.Release|Any CPU.Build.0 = Release|Any CPU
		{279FB7B8-A234-4839-9CC7-3378F9FAF28D}.Debug|Any CPU.ActiveCfg = Debug|Any CPU
		{279FB7B8-A234-4839-9CC7-3378F9FAF28D}.Debug|Any CPU.Build.0 = Debug|Any CPU
		{279FB7B8-A234-4839-9CC7-3378F9FAF28D}.Release|Any CPU.ActiveCfg = Release|Any CPU
		{279FB7B8-A234-4839-9CC7-3378F9FAF28D}.Release|Any CPU.Build.0 = Release|Any CPU
		{FB69124C-D74E-4B8F-AD52-AF9CDA49999D}.Debug|Any CPU.ActiveCfg = Debug|Any CPU
		{FB69124C-D74E-4B8F-AD52-AF9CDA49999D}.Debug|Any CPU.Build.0 = Debug|Any CPU
		{FB69124C-D74E-4B8F-AD52-AF9CDA49999D}.Release|Any CPU.ActiveCfg = Release|Any CPU
		{FB69124C-D74E-4B8F-AD52-AF9CDA49999D}.Release|Any CPU.Build.0 = Release|Any CPU
		{01FC8314-ABEB-4387-89EA-C74B0222EBE4}.Debug|Any CPU.ActiveCfg = Debug|Any CPU
		{01FC8314-ABEB-4387-89EA-C74B0222EBE4}.Debug|Any CPU.Build.0 = Debug|Any CPU
		{01FC8314-ABEB-4387-89EA-C74B0222EBE4}.Release|Any CPU.ActiveCfg = Release|Any CPU
		{01FC8314-ABEB-4387-89EA-C74B0222EBE4}.Release|Any CPU.Build.0 = Release|Any CPU
		{0E2130C4-FB9D-4AFE-BDAC-8743DCD84748}.Debug|Any CPU.ActiveCfg = Debug|Any CPU
		{0E2130C4-FB9D-4AFE-BDAC-8743DCD84748}.Debug|Any CPU.Build.0 = Debug|Any CPU
		{0E2130C4-FB9D-4AFE-BDAC-8743DCD84748}.Release|Any CPU.ActiveCfg = Release|Any CPU
		{0E2130C4-FB9D-4AFE-BDAC-8743DCD84748}.Release|Any CPU.Build.0 = Release|Any CPU
		{C17AC229-9AF7-402C-AA94-1784EE0E453F}.Debug|Any CPU.ActiveCfg = Debug|Any CPU
		{C17AC229-9AF7-402C-AA94-1784EE0E453F}.Debug|Any CPU.Build.0 = Debug|Any CPU
		{C17AC229-9AF7-402C-AA94-1784EE0E453F}.Release|Any CPU.ActiveCfg = Release|Any CPU
		{C17AC229-9AF7-402C-AA94-1784EE0E453F}.Release|Any CPU.Build.0 = Release|Any CPU
		{6660A1E0-CD6D-4979-8D14-E9646D04A531}.Debug|Any CPU.ActiveCfg = Debug|Any CPU
		{6660A1E0-CD6D-4979-8D14-E9646D04A531}.Debug|Any CPU.Build.0 = Debug|Any CPU
		{6660A1E0-CD6D-4979-8D14-E9646D04A531}.Release|Any CPU.ActiveCfg = Release|Any CPU
		{6660A1E0-CD6D-4979-8D14-E9646D04A531}.Release|Any CPU.Build.0 = Release|Any CPU
	EndGlobalSection
	GlobalSection(SolutionProperties) = preSolution
		HideSolutionNode = FALSE
	EndGlobalSection
	GlobalSection(NestedProjects) = preSolution
		{0E2130C4-FB9D-4AFE-BDAC-8743DCD84748} = {8EFC1C75-325D-45E4-A78E-7313D04C4D6A}
		{C17AC229-9AF7-402C-AA94-1784EE0E453F} = {8EFC1C75-325D-45E4-A78E-7313D04C4D6A}
		{6660A1E0-CD6D-4979-8D14-E9646D04A531} = {8EFC1C75-325D-45E4-A78E-7313D04C4D6A}
	EndGlobalSection
	GlobalSection(ExtensibilityGlobals) = postSolution
		SolutionGuid = {2624D6C1-022E-4178-96C5-2C6D03AEF10B}
	EndGlobalSection
EndGlobal
